{
  "name": "requestAnimationFrame",
  "lockfileVersion": 3,
  "requires": true,
  "packages": {
    "": {
      "dependencies": {
        "@antfu/ni": "^0.22.4"
      }
    },
    "node_modules/@antfu/ni": {
      "version": "0.22.4",
      "resolved": "https://registry.npmjs.org/@antfu/ni/-/ni-0.22.4.tgz",
      "integrity": "sha512-uCzh43cmUwQQcgv2BPyo0JWOMgXhcaE+F2I6Ucmfc7f9ir52lfA4OtZXdfL5D8cMa5GAwuCSNqOshIol8YN82g==",
      "license": "MIT",
      "bin": {
        "na": "bin/na.mjs",
        "nci": "bin/nci.mjs",
        "ni": "bin/ni.mjs",
        "nlx": "bin/nlx.mjs",
        "nr": "bin/nr.mjs",
        "nu": "bin/nu.mjs",
        "nun": "bin/nun.mjs"
      }
    }
  }
}
